
Microsoft Visual Studio Solution File, Format Version 12.00
# Visual Studio Version 17
VisualStudioVersion = 17.3.32929.385
MinimumVisualStudioVersion = 10.0.40219.1
Project("{FAE04EC0-301F-11D3-BF4B-00C04F79EFBC}") = "WpfDataBinding", "WpfDataBinding\WpfDataBinding.csproj", "{B2513F35-3CE5-444C-9056-B1562F7286DB}"
	ProjectSection(ProjectDependencies) = postProject
		{C2CD06D5-8379-46A8-87FA-969A8AA6AD67} = {C2CD06D5-8379-46A8-87FA-969A8AA6AD67}
	EndProjectSection
EndProject
Project("{FAE04EC0-301F-11D3-BF4B-00C04F79EFBC}") = "WcfDataService", "WcfDataService\WcfDataService.csproj", "{C2CD06D5-8379-46A8-87FA-969A8AA6AD67}"
EndProject
Project("{FAE04EC0-301F-11D3-BF4B-00C04F79EFBC}") = "WpfInotify", "WpfInotify\WpfInotify.csproj", "{E957D655-8C3F-45FE-ABD1-9117809E3EDC}"
EndProject
Project("{FAE04EC0-301F-11D3-BF4B-00C04F79EFBC}") = "WpfRelay", "WpfRelay\WpfRelay.csproj", "{5E7BC2BA-CBE2-4F01-9669-DFE1BCDD0ADF}"
EndProject
Project("{FAE04EC0-301F-11D3-BF4B-00C04F79EFBC}") = "AsyncStart", "AsyncStart\AsyncStart.csproj", "{57BCC844-0683-4AE6-AD3B-3F3DE83AB7AD}"
EndProject
Project("{FAE04EC0-301F-11D3-BF4B-00C04F79EFBC}") = "TestAsyncStart", "TestAsyncStart\TestAsyncStart.csproj", "{C4FCDF96-F113-40EF-95CA-BCFFB4042954}"
EndProject
Global
	GlobalSection(SolutionConfigurationPlatforms) = preSolution
		Debug|Any CPU = Debug|Any CPU
		Release|Any CPU = Release|Any CPU
	EndGlobalSection
	GlobalSection(ProjectConfigurationPlatforms) = postSolution
		{B2513F35-3CE5-444C-9056-B1562F7286DB}.Debug|Any CPU.ActiveCfg = Debug|Any CPU
		{B2513F35-3CE5-444C-9056-B1562F7286DB}.Debug|Any CPU.Build.0 = Debug|Any CPU
		{B2513F35-3CE5-444C-9056-B1562F7286DB}.Release|Any CPU.ActiveCfg = Release|Any CPU
		{B2513F35-3CE5-444C-9056-B1562F7286DB}.Release|Any CPU.Build.0 = Release|Any CPU
		{C2CD06D5-8379-46A8-87FA-969A8AA6AD67}.Debug|Any CPU.ActiveCfg = Debug|Any CPU
		{C2CD06D5-8379-46A8-87FA-969A8AA6AD67}.Debug|Any CPU.Build.0 = Debug|Any CPU
		{C2CD06D5-8379-46A8-87FA-969A8AA6AD67}.Release|Any CPU.ActiveCfg = Release|Any CPU
		{C2CD06D5-8379-46A8-87FA-969A8AA6AD67}.Release|Any CPU.Build.0 = Release|Any CPU
		{E957D655-8C3F-45FE-ABD1-9117809E3EDC}.Debug|Any CPU.ActiveCfg = Debug|Any CPU
		{E957D655-8C3F-45FE-ABD1-9117809E3EDC}.Debug|Any CPU.Build.0 = Debug|Any CPU
		{E957D655-8C3F-45FE-ABD1-9117809E3EDC}.Release|Any CPU.ActiveCfg = Release|Any CPU
		{E957D655-8C3F-45FE-ABD1-9117809E3EDC}.Release|Any CPU.Build.0 = Release|Any CPU
		{5E7BC2BA-CBE2-4F01-9669-DFE1BCDD0ADF}.Debug|Any CPU.ActiveCfg = Debug|Any CPU
		{5E7BC2BA-CBE2-4F01-9669-DFE1BCDD0ADF}.Debug|Any CPU.Build.0 = Debug|Any CPU
		{5E7BC2BA-CBE2-4F01-9669-DFE1BCDD0ADF}.Release|Any CPU.ActiveCfg = Release|Any CPU
		{5E7BC2BA-CBE2-4F01-9669-DFE1BCDD0ADF}.Release|Any CPU.Build.0 = Release|Any CPU
		{57BCC844-0683-4AE6-AD3B-3F3DE83AB7AD}.Debug|Any CPU.ActiveCfg = Debug|Any CPU
		{57BCC844-0683-4AE6-AD3B-3F3DE83AB7AD}.Debug|Any CPU.Build.0 = Debug|Any CPU
		{57BCC844-0683-4AE6-AD3B-3F3DE83AB7AD}.Release|Any CPU.ActiveCfg = Release|Any CPU
		{57BCC844-0683-4AE6-AD3B-3F3DE83AB7AD}.Release|Any CPU.Build.0 = Release|Any CPU
		{C4FCDF96-F113-40EF-95CA-BCFFB4042954}.Debug|Any CPU.ActiveCfg = Debug|Any CPU
		{C4FCDF96-F113-40EF-95CA-BCFFB4042954}.Debug|Any CPU.Build.0 = Debug|Any CPU
		{C4FCDF96-F113-40EF-95CA-BCFFB4042954}.Release|Any CPU.ActiveCfg = Release|Any CPU
		{C4FCDF96-F113-40EF-95CA-BCFFB4042954}.Release|Any CPU.Build.0 = Release|Any CPU
	EndGlobalSection
	GlobalSection(SolutionProperties) = preSolution
		HideSolutionNode = FALSE
	EndGlobalSection
	GlobalSection(ExtensibilityGlobals) = postSolution
		SolutionGuid = {25F943DF-423C-4F0C-AE12-8556DD65173D}
	EndGlobalSection
EndGlobal
